
Microsoft Visual Studio Solution File, Format Version 12.00
# Visual Studio 15
VisualStudioVersion = 15.0.26730.16
MinimumVisualStudioVersion = 10.0.40219.1
Project("{8BC9CEB8-8B4A-11D0-8D11-00A0C91BC942}") = "26", "26\26.vcxproj", "{F52E46A6-74ED-47C0-8F1C-2ECFDCB51EB2}"
EndProject
Global
	GlobalSection(SolutionConfigurationPlatforms) = preSolution
		Debug|x64 = Debug|x64
		Debug|x86 = Debug|x86
		Release|x64 = Release|x64
		Release|x86 = Release|x86
	EndGlobalSection
	GlobalSection(ProjectConfigurationPlatforms) = postSolution
		{F52E46A6-74ED-47C0-8F1C-2ECFDCB51EB2}.Debug|x64.ActiveCfg = Debug|x64
		{F52E46A6-74ED-47C0-8F1C-2ECFDCB51EB2}.Debug|x64.Build.0 = Debug|x64
		{F52E46A6-74ED-47C0-8F1C-2ECFDCB51EB2}.Debug|x86.ActiveCfg = Debug|Win32
		{F52E46A6-74ED-47C0-8F1C-2ECFDCB51EB2}.Debug|x86.Build.0 = Debug|Win32
		{F52E46A6-74ED-47C0-8F1C-2ECFDCB51EB2}.Release|x64.ActiveCfg = Release|x64
		{F52E46A6-74ED-47C0-8F1C-2ECFDCB51EB2}.Release|x64.Build.0 = Release|x64
		{F52E46A6-74ED-47C0-8F1C-2ECFDCB51EB2}.Release|x86.ActiveCfg = Release|Win32
		{F52E46A6-74ED-47C0-8F1C-2ECFDCB51EB2}.Release|x86.Build.0 = Release|Win32
	EndGlobalSection
	GlobalSection(SolutionProperties) = preSolution
		HideSolutionNode = FALSE
	EndGlobalSection
	GlobalSection(ExtensibilityGlobals) = postSolution
		SolutionGuid = {1107AF4B-06CA-4052-BBB2-392A263748D7}
	EndGlobalSection
EndGlobal
